<Solution>
  <Folder Name="/src/">
    <Project Path="src/OneSGetDatabases.Core/OneSGetDatabases.Core.csproj" />
    <Project Path="src/OneSGetDatabases.Web/OneSGetDatabases.Web.csproj" />
  </Folder>
  <Folder Name="/tests/">
    <Project Path="tests/OneSGetDatabases.Tests/OneSGetDatabases.Tests.csproj" />
  </Folder>
</Solution>
